// !$*UTF8*$!
{
	archiveVersion = 1;
	classes = {
	};
	objectVersion = 46;
	objects = {

/* Begin PBXBuildFile section */
		55C419441ED2576700BD51A7 /* AppDelegate.swift in Sources */ = {isa = PBXBuildFile; fileRef = 55C419431ED2576700BD51A7 /* AppDelegate.swift */; };
		55C419461ED2576700BD51A7 /* ViewController.swift in Sources */ = {isa = PBXBuildFile; fileRef = 55C419451ED2576700BD51A7 /* ViewController.swift */; };
		55C419491ED2576700BD51A7 /* Main.storyboard in Resources */ = {isa = PBXBuildFile; fileRef = 55C419471ED2576700BD51A7 /* Main.storyboard */; };
		55C4194B1ED2576700BD51A7 /* Assets.xcassets in Resources */ = {isa = PBXBuildFile; fileRef = 55C4194A1ED2576700BD51A7 /* Assets.xcassets */; };
		55C4194E1ED2576700BD51A7 /* LaunchScreen.storyboard in Resources */ = {isa = PBXBuildFile; fileRef = 55C4194C1ED2576700BD51A7 /* LaunchScreen.storyboard */; };
/* End PBXBuildFile section */

/* Begin PBXFileReference section */
		55C419401ED2576700BD51A7 /* RainOrShine.app */ = {isa = PBXFileReference; explicitFileType = wrapper.application; includeInIndex = 0; path = RainOrShine.app; sourceTree = BUILT_PRODUCTS_DIR; };
		55C419431ED2576700BD51A7 /* AppDelegate.swift */ = {isa = PBXFileReference; lastKnownFileType = sourcecode.swift; path = AppDelegate.swift; sourceTree = "<group>"; };
		55C419451ED2576700BD51A7 /* ViewController.swift */ = {isa = PBXFileReference; lastKnownFileType = sourcecode.swift; path = ViewController.swift; sourceTree = "<group>"; };
		55C419481ED2576700BD51A7 /* Base */ = {isa = PBXFileReference; lastKnownFileType = file.storyboard; name = Base; path = Base.lproj/Main.storyboard; sourceTree = "<group>"; };
		55C4194A1ED2576700BD51A7 /* Assets.xcassets */ = {isa = PBXFileReference; lastKnownFileType = folder.assetcatalog; path = Assets.xcassets; sourceTree = "<group>"; };
		55C4194D1ED2576700BD51A7 /* Base */ = {isa = PBXFileReference; lastKnownFileType = file.storyboard; name = Base; path = Base.lproj/LaunchScreen.storyboard; sourceTree = "<group>"; };
		55C4194F1ED2576700BD51A7 /* Info.plist */ = {isa = PBXFileReference; lastKnownFileType = text.plist.xml; path = Info.plist; sourceTree = "<group>"; };
/* End PBXFileReference section */

/* Begin PBXFrameworksBuildPhase section */
		55C4193D1ED2576700BD51A7 /* Frameworks */ = {
			isa = PBXFrameworksBuildPhase;
			buildActionMask = 2147483647;
			files = (
			);
			runOnlyForDeploymentPostprocessing = 0;
		};
/* End PBXFrameworksBuildPhase section */

/* Begin PBXGroup section */
		55C419371ED2576700BD51A7 = {
			isa = PBXGroup;
			children = (
				55C419421ED2576700BD51A7 /* RainOrShine */,
				55C419411ED2576700BD51A7 /* Products */,
			);
			sourceTree = "<group>";
		};
		55C419411ED2576700BD51A7 /* Products */ = {
			isa = PBXGroup;
			children = (
				55C419401ED2576700BD51A7 /* RainOrShine.app */,
			);
			name = Products;
			sourceTree = "<group>";
		};
		55C419421ED2576700BD51A7 /* RainOrShine */ = {
			isa = PBXGroup;
			children = (
				55C419431ED2576700BD51A7 /* AppDelegate.swift */,
				55C419451ED2576700BD51A7 /* ViewController.swift */,
				55C419471ED2576700BD51A7 /* Main.storyboard */,
				55C4194A1ED2576700BD51A7 /* Assets.xcassets */,
				55C4194C1ED2576700BD51A7 /* LaunchScreen.storyboard */,
				55C4194F1ED2576700BD51A7 /* Info.plist */,
			);
			path = RainOrShine;
			sourceTree = "<group>";
		};
/* End PBXGroup section */

/* Begin PBXNativeTarget section */
		55C4193F1ED2576700BD51A7 /* RainOrShine */ = {
			isa = PBXNativeTarget;
			buildConfigurationList = 55C419521ED2576700BD51A7 /* Build configuration list for PBXNativeTarget "RainOrShine" */;
			buildPhases = (
				55C4193C1ED2576700BD51A7 /* Sources */,
				55C4193D1ED2576700BD51A7 /* Frameworks */,
				55C4193E1ED2576700BD51A7 /* Resources */,
			);
			buildRules = (
			);
			dependencies = (
			);
			name = RainOrShine;
			productName = RainOrShine;
			productReference = 55C419401ED2576700BD51A7 /* RainOrShine.app */;
			productType = "com.apple.product-type.application";
		};
/* End PBXNativeTarget section */

/* Begin PBXProject section */
		55C419381ED2576700BD51A7 /* Project object */ = {
			isa = PBXProject;
			attributes = {
				LastSwiftUpdateCheck = 0830;
				LastUpgradeCheck = 0830;
				ORGANIZATIONNAME = "CBE User";
				TargetAttributes = {
					55C4193F1ED2576700BD51A7 = {
						CreatedOnToolsVersion = 8.3.2;
						DevelopmentTeam = TT9W6D3N85;
						ProvisioningStyle = Automatic;
					};
				};
			};
			buildConfigurationList = 55C4193B1ED2576700BD51A7 /* Build configuration list for PBXProject "RainOrShine" */;
			compatibilityVersion = "Xcode 3.2";
			developmentRegion = English;
			hasScannedForEncodings = 0;
			knownRegions = (
				en,
				Base,
			);
			mainGroup = 55C419371ED2576700BD51A7;
			productRefGroup = 55C419411ED2576700BD51A7 /* Products */;
			projectDirPath = "";
			projectRoot = "";
			targets = (
				55C4193F1ED2576700BD51A7 /* RainOrShine */,
			);
		};
/* End PBXProject section */

/* Begin PBXResourcesBuildPhase section */
		55C4193E1ED2576700BD51A7 /* Resources */ = {
			isa = PBXResourcesBuildPhase;
			buildActionMask = 2147483647;
			files = (
				55C4194E1ED2576700BD51A7 /* LaunchScreen.storyboard in Resources */,
				55C4194B1ED2576700BD51A7 /* Assets.xcassets in Resources */,
				55C419491ED2576700BD51A7 /* Main.storyboard in Resources */,
			);
			runOnlyForDeploymentPostprocessing = 0;
		};
/* End PBXResourcesBuildPhase section */

/* Begin PBXSourcesBuildPhase section */
		55C4193C1ED2576700BD51A7 /* Sources */ = {
			isa = PBXSourcesBuildPhase;
			buildActionMask = 2147483647;
			files = (
				55C419461ED2576700BD51A7 /* ViewController.swift in Sources */,
				55C419441ED2576700BD51A7 /* AppDelegate.swift in Sources */,
			);
			runOnlyForDeploymentPostprocessing = 0;
		};
/* End PBXSourcesBuildPhase section */

/* Begin PBXVariantGroup section */
		55C419471ED2576700BD51A7 /* Main.storyboard */ = {
			isa = PBXVariantGroup;
			children = (
				55C419481ED2576700BD51A7 /* Base */,
			);
			name = Main.storyboard;
			sourceTree = "<group>";
		};
		55C4194C1ED2576700BD51A7 /* LaunchScreen.storyboard */ = {
			isa = PBXVariantGroup;
			children = (
				55C4194D1ED2576700BD51A7 /* Base */,
			);
			name = LaunchScreen.storyboard;
			sourceTree = "<group>";
		};
/* End PBXVariantGroup section */

/* Begin XCBuildConfiguration section */
		55C419501ED2576700BD51A7 /* Debug */ = {
			isa = XCBuildConfiguration;
			buildSettings = {
				ALWAYS_SEARCH_USER_PATHS = NO;
				CLANG_ANALYZER_NONNULL = YES;
				CLANG_ANALYZER_NUMBER_OBJECT_CONVERSION = YES_AGGRESSIVE;
				CLANG_CXX_LANGUAGE_STANDARD = "gnu++0x";
				CLANG_CXX_LIBRARY = "libc++";
				CLANG_ENABLE_MODULES = YES;
				CLANG_ENABLE_OBJC_ARC = YES;
				CLANG_WARN_BOOL_CONVERSION = YES;
				CLANG_WARN_CONSTANT_CONVERSION = YES;
				CLANG_WARN_DIRECT_OBJC_ISA_USAGE = YES_ERROR;
				CLANG_WARN_DOCUMENTATION_COMMENTS = YES;
				CLANG_WARN_EMPTY_BODY = YES;
				CLANG_WARN_ENUM_CONVERSION = YES;
				CLANG_WARN_INFINITE_RECURSION = YES;
				CLANG_WARN_INT_CONVERSION = YES;
				CLANG_WARN_OBJC_ROOT_CLASS = YES_ERROR;
				CLANG_WARN_SUSPICIOUS_MOVE = YES;
				CLANG_WARN_UNREACHABLE_CODE = YES;
				CLANG_WARN__DUPLICATE_METHOD_MATCH = YES;
				"CODE_SIGN_IDENTITY[sdk=iphoneos*]" = "iPhone Developer";
				COPY_PHASE_STRIP = NO;
				DEBUG_INFORMATION_FORMAT = dwarf;
				ENABLE_STRICT_OBJC_MSGSEND = YES;
				ENABLE_TESTABILITY = YES;
				GCC_C_LANGUAGE_STANDARD = gnu99;
				GCC_DYNAMIC_NO_PIC = NO;
				GCC_NO_COMMON_BLOCKS = YES;
				GCC_OPTIMIZATION_LEVEL = 0;
				GCC_PREPROCESSOR_DEFINITIONS = (
					"DEBUG=1",
					"$(inherited)",
				);
				GCC_WARN_64_TO_32_BIT_CONVERSION = YES;
				GCC_WARN_ABOUT_RETURN_TYPE = YES_ERROR;
				GCC_WARN_UNDECLARED_SELECTOR = YES;
				GCC_WARN_UNINITIALIZED_AUTOS = YES_AGGRESSIVE;
				GCC_WARN_UNUSED_FUNCTION = YES;
				GCC_WARN_UNUSED_VARIABLE = YES;
				IPHONEOS_DEPLOYMENT_TARGET = 10.3;
				MTL_ENABLE_DEBUG_INFO = YES;
				ONLY_ACTIVE_ARCH = YES;
				SDKROOT = iphoneos;
				SWIFT_ACTIVE_COMPILATION_CONDITIONS = DEBUG;
				SWIFT_OPTIMIZATION_LEVEL = "-Onone";
				TARGETED_DEVICE_FAMILY = "1,2";
			};
			name = Debug;
		};
		55C419511ED2576700BD51A7 /* Release */ = {
			isa = XCBuildConfiguration;
			buildSettings = {
				ALWAYS_SEARCH_USER_PATHS = NO;
				CLANG_ANALYZER_NONNULL = YES;
				CLANG_ANALYZER_NUMBER_OBJECT_CONVERSION = YES_AGGRESSIVE;
				CLANG_CXX_LANGUAGE_STANDARD = "gnu++0x";
				CLANG_CXX_LIBRARY = "libc++";
				CLANG_ENABLE_MODULES = YES;
				CLANG_ENABLE_OBJC_ARC = YES;
				CLANG_WARN_BOOL_CONVERSION = YES;
				CLANG_WARN_CONSTANT_CONVERSION = YES;
				CLANG_WARN_DIRECT_OBJC_ISA_USAGE = YES_ERROR;
				CLANG_WARN_DOCUMENTATION_COMMENTS = YES;
				CLANG_WARN_EMPTY_BODY = YES;
				CLANG_WARN_ENUM_CONVERSION = YES;
				CLANG_WARN_INFINITE_RECURSION = YES;
				CLANG_WARN_INT_CONVERSION = YES;
				CLANG_WARN_OBJC_ROOT_CLASS = YES_ERROR;
				CLANG_WARN_SUSPICIOUS_MOVE = YES;
				CLANG_WARN_UNREACHABLE_CODE = YES;
				CLANG_WARN__DUPLICATE_METHOD_MATCH = YES;
				"CODE_SIGN_IDENTITY[sdk=iphoneos*]" = "iPhone Developer";
				COPY_PHASE_STRIP = NO;
				DEBUG_INFORMATION_FORMAT = "dwarf-with-dsym";
				ENABLE_NS_ASSERTIONS = NO;
				ENABLE_STRICT_OBJC_MSGSEND = YES;
				GCC_C_LANGUAGE_STANDARD = gnu99;
				GCC_NO_COMMON_BLOCKS = YES;
				GCC_WARN_64_TO_32_BIT_CONVERSION = YES;
				GCC_WARN_ABOUT_RETURN_TYPE = YES_ERROR;
				GCC_WARN_UNDECLARED_SELECTOR = YES;
				GCC_WARN_UNINITIALIZED_AUTOS = YES_AGGRESSIVE;
				GCC_WARN_UNUSED_FUNCTION = YES;
				GCC_WARN_UNUSED_VARIABLE = YES;
				IPHONEOS_DEPLOYMENT_TARGET = 10.3;
				MTL_ENABLE_DEBUG_INFO = NO;
				SDKROOT = iphoneos;
				SWIFT_OPTIMIZATION_LEVEL = "-Owholemodule";
				TARGETED_DEVICE_FAMILY = "1,2";
				VALIDATE_PRODUCT = YES;
			};
			name = Release;
		};
		55C419531ED2576700BD51A7 /* Debug */ = {
			isa = XCBuildConfiguration;
			buildSettings = {
				ASSETCATALOG_COMPILER_APPICON_NAME = AppIcon;
				DEVELOPMENT_TEAM = TT9W6D3N85;
				INFOPLIST_FILE = RainOrShine/Info.plist;
				LD_RUNPATH_SEARCH_PATHS = "$(inherited) @executable_path/Frameworks";
				PRODUCT_BUNDLE_IDENTIFIER = WhatDoesThisDo.RainOrShine;
				PRODUCT_NAME = "$(TARGET_NAME)";
				SWIFT_VERSION = 3.0;
			};
			name = Debug;
		};
		55C419541ED2576700BD51A7 /* Release */ = {
			isa = XCBuildConfiguration;
			buildSettings = {
				ASSETCATALOG_COMPILER_APPICON_NAME = AppIcon;
				DEVELOPMENT_TEAM = TT9W6D3N85;
				INFOPLIST_FILE = RainOrShine/Info.plist;
				LD_RUNPATH_SEARCH_PATHS = "$(inherited) @executable_path/Frameworks";
				PRODUCT_BUNDLE_IDENTIFIER = WhatDoesThisDo.RainOrShine;
				PRODUCT_NAME = "$(TARGET_NAME)";
				SWIFT_VERSION = 3.0;
			};
			name = Release;
		};
/* End XCBuildConfiguration section */

/* Begin XCConfigurationList section */
		55C4193B1ED2576700BD51A7 /* Build configuration list for PBXProject "RainOrShine" */ = {
			isa = XCConfigurationList;
			buildConfigurations = (
				55C419501ED2576700BD51A7 /* Debug */,
				55C419511ED2576700BD51A7 /* Release */,
			);
			defaultConfigurationIsVisible = 0;
			defaultConfigurationName = Release;
		};
		55C419521ED2576700BD51A7 /* Build configuration list for PBXNativeTarget "RainOrShine" */ = {
			isa = XCConfigurationList;
			buildConfigurations = (
				55C419531ED2576700BD51A7 /* Debug */,
				55C419541ED2576700BD51A7 /* Release */,
			);
			defaultConfigurationIsVisible = 0;
		};
/* End XCConfigurationList section */
	};
	rootObject = 55C419381ED2576700BD51A7 /* Project object */;
}
