// !$*UTF8*$!
{
	archiveVersion = 1;
	classes = {
	};
	objectVersion = 46;
	objects = {

/* Begin PBXBuildFile section */
		55C419441ED2576700BD51A7 /* AppDelegate.swift in Sources */ = {isa = PBXBuildFile; fileRef = 55C419431ED2576700BD51A7 /* AppDelegate.swift */; };
		55C419461ED2576700BD51A7 /* WeatherVC.swift in Sources */ = {isa = PBXBuildFile; fileRef = 55C419451ED2576700BD51A7 /* WeatherVC.swift */; };
		55C419491ED2576700BD51A7 /* Main.storyboard in Resources */ = {isa = PBXBuildFile; fileRef = 55C419471ED2576700BD51A7 /* Main.storyboard */; };
		55C4194B1ED2576700BD51A7 /* Assets.xcassets in Resources */ = {isa = PBXBuildFile; fileRef = 55C4194A1ED2576700BD51A7 /* Assets.xcassets */; };
		55C4194E1ED2576700BD51A7 /* LaunchScreen.storyboard in Resources */ = {isa = PBXBuildFile; fileRef = 55C4194C1ED2576700BD51A7 /* LaunchScreen.storyboard */; };
		55D295C41ED518050099764A /* Constants.swift in Sources */ = {isa = PBXBuildFile; fileRef = 55D295C31ED518050099764A /* Constants.swift */; };
		55D295C61ED51C420099764A /* CurrentWeather.swift in Sources */ = {isa = PBXBuildFile; fileRef = 55D295C51ED51C420099764A /* CurrentWeather.swift */; };
		55D295C81ED66C2B0099764A /* Forecast.swift in Sources */ = {isa = PBXBuildFile; fileRef = 55D295C71ED66C2A0099764A /* Forecast.swift */; };
		55D295CA1ED67CEC0099764A /* WeatherCell.swift in Sources */ = {isa = PBXBuildFile; fileRef = 55D295C91ED67CEC0099764A /* WeatherCell.swift */; };
		55D295CC1ED6949F0099764A /* Location.swift in Sources */ = {isa = PBXBuildFile; fileRef = 55D295CB1ED6949F0099764A /* Location.swift */; };
		6585EE98491A403CE748BFD6 /* Pods_RainOrShine.framework in Frameworks */ = {isa = PBXBuildFile; fileRef = 1E1FE39105E608AA80A46A62 /* Pods_RainOrShine.framework */; };
/* End PBXBuildFile section */

/* Begin PBXFileReference section */
		10E4A8B0E947FEE80DD8E690 /* Pods-RainOrShine.release.xcconfig */ = {isa = PBXFileReference; includeInIndex = 1; lastKnownFileType = text.xcconfig; name = "Pods-RainOrShine.release.xcconfig"; path = "Pods/Target Support Files/Pods-RainOrShine/Pods-RainOrShine.release.xcconfig"; sourceTree = "<group>"; };
		1E1FE39105E608AA80A46A62 /* Pods_RainOrShine.framework */ = {isa = PBXFileReference; explicitFileType = wrapper.framework; includeInIndex = 0; path = Pods_RainOrShine.framework; sourceTree = BUILT_PRODUCTS_DIR; };
		54215738F7934E752F4C4B8F /* Pods-RainOrShine.debug.xcconfig */ = {isa = PBXFileReference; includeInIndex = 1; lastKnownFileType = text.xcconfig; name = "Pods-RainOrShine.debug.xcconfig"; path = "Pods/Target Support Files/Pods-RainOrShine/Pods-RainOrShine.debug.xcconfig"; sourceTree = "<group>"; };
		55C419401ED2576700BD51A7 /* RainOrShine.app */ = {isa = PBXFileReference; explicitFileType = wrapper.application; includeInIndex = 0; path = RainOrShine.app; sourceTree = BUILT_PRODUCTS_DIR; };
		55C419431ED2576700BD51A7 /* AppDelegate.swift */ = {isa = PBXFileReference; lastKnownFileType = sourcecode.swift; path = AppDelegate.swift; sourceTree = "<group>"; };
		55C419451ED2576700BD51A7 /* WeatherVC.swift */ = {isa = PBXFileReference; lastKnownFileType = sourcecode.swift; path = WeatherVC.swift; sourceTree = "<group>"; };
		55C419481ED2576700BD51A7 /* Base */ = {isa = PBXFileReference; lastKnownFileType = file.storyboard; name = Base; path = Base.lproj/Main.storyboard; sourceTree = "<group>"; };
		55C4194A1ED2576700BD51A7 /* Assets.xcassets */ = {isa = PBXFileReference; lastKnownFileType = folder.assetcatalog; path = Assets.xcassets; sourceTree = "<group>"; };
		55C4194D1ED2576700BD51A7 /* Base */ = {isa = PBXFileReference; lastKnownFileType = file.storyboard; name = Base; path = Base.lproj/LaunchScreen.storyboard; sourceTree = "<group>"; };
		55C4194F1ED2576700BD51A7 /* Info.plist */ = {isa = PBXFileReference; lastKnownFileType = text.plist.xml; path = Info.plist; sourceTree = "<group>"; };
		55D295C31ED518050099764A /* Constants.swift */ = {isa = PBXFileReference; fileEncoding = 4; lastKnownFileType = sourcecode.swift; path = Constants.swift; sourceTree = "<group>"; };
		55D295C51ED51C420099764A /* CurrentWeather.swift */ = {isa = PBXFileReference; fileEncoding = 4; lastKnownFileType = sourcecode.swift; path = CurrentWeather.swift; sourceTree = "<group>"; };
		55D295C71ED66C2A0099764A /* Forecast.swift */ = {isa = PBXFileReference; fileEncoding = 4; lastKnownFileType = sourcecode.swift; path = Forecast.swift; sourceTree = "<group>"; };
		55D295C91ED67CEC0099764A /* WeatherCell.swift */ = {isa = PBXFileReference; fileEncoding = 4; lastKnownFileType = sourcecode.swift; path = WeatherCell.swift; sourceTree = "<group>"; };
		55D295CB1ED6949F0099764A /* Location.swift */ = {isa = PBXFileReference; fileEncoding = 4; lastKnownFileType = sourcecode.swift; path = Location.swift; sourceTree = "<group>"; };
/* End PBXFileReference section */

/* Begin PBXFrameworksBuildPhase section */
		55C4193D1ED2576700BD51A7 /* Frameworks */ = {
			isa = PBXFrameworksBuildPhase;
			buildActionMask = 2147483647;
			files = (
				6585EE98491A403CE748BFD6 /* Pods_RainOrShine.framework in Frameworks */,
			);
			runOnlyForDeploymentPostprocessing = 0;
		};
/* End PBXFrameworksBuildPhase section */

/* Begin PBXGroup section */
		55C419371ED2576700BD51A7 = {
			isa = PBXGroup;
			children = (
				55C419421ED2576700BD51A7 /* RainOrShine */,
				55C419411ED2576700BD51A7 /* Products */,
				66003A533FF46D8107ECFFF1 /* Pods */,
				776F0A9726E1AEE8BDBC3A54 /* Frameworks */,
			);
			sourceTree = "<group>";
		};
		55C419411ED2576700BD51A7 /* Products */ = {
			isa = PBXGroup;
			children = (
				55C419401ED2576700BD51A7 /* RainOrShine.app */,
			);
			name = Products;
			sourceTree = "<group>";
		};
		55C419421ED2576700BD51A7 /* RainOrShine */ = {
			isa = PBXGroup;
			children = (
				55C419431ED2576700BD51A7 /* AppDelegate.swift */,
				55C419451ED2576700BD51A7 /* WeatherVC.swift */,
				55C419471ED2576700BD51A7 /* Main.storyboard */,
				55C4194A1ED2576700BD51A7 /* Assets.xcassets */,
				55C4194C1ED2576700BD51A7 /* LaunchScreen.storyboard */,
				55C4194F1ED2576700BD51A7 /* Info.plist */,
				55D295C31ED518050099764A /* Constants.swift */,
				55D295C51ED51C420099764A /* CurrentWeather.swift */,
				55D295C71ED66C2A0099764A /* Forecast.swift */,
				55D295C91ED67CEC0099764A /* WeatherCell.swift */,
				55D295CB1ED6949F0099764A /* Location.swift */,
			);
			path = RainOrShine;
			sourceTree = "<group>";
		};
		66003A533FF46D8107ECFFF1 /* Pods */ = {
			isa = PBXGroup;
			children = (
				54215738F7934E752F4C4B8F /* Pods-RainOrShine.debug.xcconfig */,
				10E4A8B0E947FEE80DD8E690 /* Pods-RainOrShine.release.xcconfig */,
			);
			name = Pods;
			sourceTree = "<group>";
		};
		776F0A9726E1AEE8BDBC3A54 /* Frameworks */ = {
			isa = PBXGroup;
			children = (
				1E1FE39105E608AA80A46A62 /* Pods_RainOrShine.framework */,
			);
			name = Frameworks;
			sourceTree = "<group>";
		};
/* End PBXGroup section */

/* Begin PBXNativeTarget section */
		55C4193F1ED2576700BD51A7 /* RainOrShine */ = {
			isa = PBXNativeTarget;
			buildConfigurationList = 55C419521ED2576700BD51A7 /* Build configuration list for PBXNativeTarget "RainOrShine" */;
			buildPhases = (
				971985380EFC305429BBFDCD /* [CP] Check Pods Manifest.lock */,
				55C4193C1ED2576700BD51A7 /* Sources */,
				55C4193D1ED2576700BD51A7 /* Frameworks */,
				55C4193E1ED2576700BD51A7 /* Resources */,
				4BD67C052CF069E3ABBB3560 /* [CP] Embed Pods Frameworks */,
				6F3EF9DFBA73FB5EA5E768A4 /* [CP] Copy Pods Resources */,
			);
			buildRules = (
			);
			dependencies = (
			);
			name = RainOrShine;
			productName = RainOrShine;
			productReference = 55C419401ED2576700BD51A7 /* RainOrShine.app */;
			productType = "com.apple.product-type.application";
		};
/* End PBXNativeTarget section */

/* Begin PBXProject section */
		55C419381ED2576700BD51A7 /* Project object */ = {
			isa = PBXProject;
			attributes = {
				LastSwiftUpdateCheck = 0830;
				LastUpgradeCheck = 0830;
				ORGANIZATIONNAME = "CBE User";
				TargetAttributes = {
					55C4193F1ED2576700BD51A7 = {
						CreatedOnToolsVersion = 8.3.2;
						DevelopmentTeam = TT9W6D3N85;
						ProvisioningStyle = Automatic;
					};
				};
			};
			buildConfigurationList = 55C4193B1ED2576700BD51A7 /* Build configuration list for PBXProject "RainOrShine" */;
			compatibilityVersion = "Xcode 3.2";
			developmentRegion = English;
			hasScannedForEncodings = 0;
			knownRegions = (
				en,
				Base,
			);
			mainGroup = 55C419371ED2576700BD51A7;
			productRefGroup = 55C419411ED2576700BD51A7 /* Products */;
			projectDirPath = "";
			projectRoot = "";
			targets = (
				55C4193F1ED2576700BD51A7 /* RainOrShine */,
			);
		};
/* End PBXProject section */

/* Begin PBXResourcesBuildPhase section */
		55C4193E1ED2576700BD51A7 /* Resources */ = {
			isa = PBXResourcesBuildPhase;
			buildActionMask = 2147483647;
			files = (
				55C4194E1ED2576700BD51A7 /* LaunchScreen.storyboard in Resources */,
				55C4194B1ED2576700BD51A7 /* Assets.xcassets in Resources */,
				55C419491ED2576700BD51A7 /* Main.storyboard in Resources */,
			);
			runOnlyForDeploymentPostprocessing = 0;
		};
/* End PBXResourcesBuildPhase section */

/* Begin PBXShellScriptBuildPhase section */
		4BD67C052CF069E3ABBB3560 /* [CP] Embed Pods Frameworks */ = {
			isa = PBXShellScriptBuildPhase;
			buildActionMask = 2147483647;
			files = (
			);
			inputPaths = (
			);
			name = "[CP] Embed Pods Frameworks";
			outputPaths = (
			);
			runOnlyForDeploymentPostprocessing = 0;
			shellPath = /bin/sh;
			shellScript = "\"${SRCROOT}/Pods/Target Support Files/Pods-RainOrShine/Pods-RainOrShine-frameworks.sh\"\n";
			showEnvVarsInLog = 0;
		};
		6F3EF9DFBA73FB5EA5E768A4 /* [CP] Copy Pods Resources */ = {
			isa = PBXShellScriptBuildPhase;
			buildActionMask = 2147483647;
			files = (
			);
			inputPaths = (
			);
			name = "[CP] Copy Pods Resources";
			outputPaths = (
			);
			runOnlyForDeploymentPostprocessing = 0;
			shellPath = /bin/sh;
			shellScript = "\"${SRCROOT}/Pods/Target Support Files/Pods-RainOrShine/Pods-RainOrShine-resources.sh\"\n";
			showEnvVarsInLog = 0;
		};
		971985380EFC305429BBFDCD /* [CP] Check Pods Manifest.lock */ = {
			isa = PBXShellScriptBuildPhase;
			buildActionMask = 2147483647;
			files = (
			);
			inputPaths = (
			);
			name = "[CP] Check Pods Manifest.lock";
			outputPaths = (
			);
			runOnlyForDeploymentPostprocessing = 0;
			shellPath = /bin/sh;
			shellScript = "diff \"${PODS_PODFILE_DIR_PATH}/Podfile.lock\" \"${PODS_ROOT}/Manifest.lock\" > /dev/null\nif [ $? != 0 ] ; then\n    # print error to STDERR\n    echo \"error: The sandbox is not in sync with the Podfile.lock. Run 'pod install' or update your CocoaPods installation.\" >&2\n    exit 1\nfi\n";
			showEnvVarsInLog = 0;
		};
/* End PBXShellScriptBuildPhase section */

/* Begin PBXSourcesBuildPhase section */
		55C4193C1ED2576700BD51A7 /* Sources */ = {
			isa = PBXSourcesBuildPhase;
			buildActionMask = 2147483647;
			files = (
				55C419461ED2576700BD51A7 /* WeatherVC.swift in Sources */,
				55C419441ED2576700BD51A7 /* AppDelegate.swift in Sources */,
				55D295CA1ED67CEC0099764A /* WeatherCell.swift in Sources */,
				55D295C61ED51C420099764A /* CurrentWeather.swift in Sources */,
				55D295C41ED518050099764A /* Constants.swift in Sources */,
				55D295C81ED66C2B0099764A /* Forecast.swift in Sources */,
				55D295CC1ED6949F0099764A /* Location.swift in Sources */,
			);
			runOnlyForDeploymentPostprocessing = 0;
		};
/* End PBXSourcesBuildPhase section */

/* Begin PBXVariantGroup section */
		55C419471ED2576700BD51A7 /* Main.storyboard */ = {
			isa = PBXVariantGroup;
			children = (
				55C419481ED2576700BD51A7 /* Base */,
			);
			name = Main.storyboard;
			sourceTree = "<group>";
		};
		55C4194C1ED2576700BD51A7 /* LaunchScreen.storyboard */ = {
			isa = PBXVariantGroup;
			children = (
				55C4194D1ED2576700BD51A7 /* Base */,
			);
			name = LaunchScreen.storyboard;
			sourceTree = "<group>";
		};
/* End PBXVariantGroup section */

/* Begin XCBuildConfiguration section */
		55C419501ED2576700BD51A7 /* Debug */ = {
			isa = XCBuildConfiguration;
			buildSettings = {
				ALWAYS_SEARCH_USER_PATHS = NO;
				CLANG_ANALYZER_NONNULL = YES;
				CLANG_ANALYZER_NUMBER_OBJECT_CONVERSION = YES_AGGRESSIVE;
				CLANG_CXX_LANGUAGE_STANDARD = "gnu++0x";
				CLANG_CXX_LIBRARY = "libc++";
				CLANG_ENABLE_MODULES = YES;
				CLANG_ENABLE_OBJC_ARC = YES;
				CLANG_WARN_BOOL_CONVERSION = YES;
				CLANG_WARN_CONSTANT_CONVERSION = YES;
				CLANG_WARN_DIRECT_OBJC_ISA_USAGE = YES_ERROR;
				CLANG_WARN_DOCUMENTATION_COMMENTS = YES;
				CLANG_WARN_EMPTY_BODY = YES;
				CLANG_WARN_ENUM_CONVERSION = YES;
				CLANG_WARN_INFINITE_RECURSION = YES;
				CLANG_WARN_INT_CONVERSION = YES;
				CLANG_WARN_OBJC_ROOT_CLASS = YES_ERROR;
				CLANG_WARN_SUSPICIOUS_MOVE = YES;
				CLANG_WARN_UNREACHABLE_CODE = YES;
				CLANG_WARN__DUPLICATE_METHOD_MATCH = YES;
				"CODE_SIGN_IDENTITY[sdk=iphoneos*]" = "iPhone Developer";
				COPY_PHASE_STRIP = NO;
				DEBUG_INFORMATION_FORMAT = dwarf;
				ENABLE_STRICT_OBJC_MSGSEND = YES;
				ENABLE_TESTABILITY = YES;
				GCC_C_LANGUAGE_STANDARD = gnu99;
				GCC_DYNAMIC_NO_PIC = NO;
				GCC_NO_COMMON_BLOCKS = YES;
				GCC_OPTIMIZATION_LEVEL = 0;
				GCC_PREPROCESSOR_DEFINITIONS = (
					"DEBUG=1",
					"$(inherited)",
				);
				GCC_WARN_64_TO_32_BIT_CONVERSION = YES;
				GCC_WARN_ABOUT_RETURN_TYPE = YES_ERROR;
				GCC_WARN_UNDECLARED_SELECTOR = YES;
				GCC_WARN_UNINITIALIZED_AUTOS = YES_AGGRESSIVE;
				GCC_WARN_UNUSED_FUNCTION = YES;
				GCC_WARN_UNUSED_VARIABLE = YES;
				IPHONEOS_DEPLOYMENT_TARGET = 10.3;
				MTL_ENABLE_DEBUG_INFO = YES;
				ONLY_ACTIVE_ARCH = YES;
				SDKROOT = iphoneos;
				SWIFT_ACTIVE_COMPILATION_CONDITIONS = DEBUG;
				SWIFT_OPTIMIZATION_LEVEL = "-Onone";
				TARGETED_DEVICE_FAMILY = "1,2";
			};
			name = Debug;
		};
		55C419511ED2576700BD51A7 /* Release */ = {
			isa = XCBuildConfiguration;
			buildSettings = {
				ALWAYS_SEARCH_USER_PATHS = NO;
				CLANG_ANALYZER_NONNULL = YES;
				CLANG_ANALYZER_NUMBER_OBJECT_CONVERSION = YES_AGGRESSIVE;
				CLANG_CXX_LANGUAGE_STANDARD = "gnu++0x";
				CLANG_CXX_LIBRARY = "libc++";
				CLANG_ENABLE_MODULES = YES;
				CLANG_ENABLE_OBJC_ARC = YES;
				CLANG_WARN_BOOL_CONVERSION = YES;
				CLANG_WARN_CONSTANT_CONVERSION = YES;
				CLANG_WARN_DIRECT_OBJC_ISA_USAGE = YES_ERROR;
				CLANG_WARN_DOCUMENTATION_COMMENTS = YES;
				CLANG_WARN_EMPTY_BODY = YES;
				CLANG_WARN_ENUM_CONVERSION = YES;
				CLANG_WARN_INFINITE_RECURSION = YES;
				CLANG_WARN_INT_CONVERSION = YES;
				CLANG_WARN_OBJC_ROOT_CLASS = YES_ERROR;
				CLANG_WARN_SUSPICIOUS_MOVE = YES;
				CLANG_WARN_UNREACHABLE_CODE = YES;
				CLANG_WARN__DUPLICATE_METHOD_MATCH = YES;
				"CODE_SIGN_IDENTITY[sdk=iphoneos*]" = "iPhone Developer";
				COPY_PHASE_STRIP = NO;
				DEBUG_INFORMATION_FORMAT = "dwarf-with-dsym";
				ENABLE_NS_ASSERTIONS = NO;
				ENABLE_STRICT_OBJC_MSGSEND = YES;
				GCC_C_LANGUAGE_STANDARD = gnu99;
				GCC_NO_COMMON_BLOCKS = YES;
				GCC_WARN_64_TO_32_BIT_CONVERSION = YES;
				GCC_WARN_ABOUT_RETURN_TYPE = YES_ERROR;
				GCC_WARN_UNDECLARED_SELECTOR = YES;
				GCC_WARN_UNINITIALIZED_AUTOS = YES_AGGRESSIVE;
				GCC_WARN_UNUSED_FUNCTION = YES;
				GCC_WARN_UNUSED_VARIABLE = YES;
				IPHONEOS_DEPLOYMENT_TARGET = 10.3;
				MTL_ENABLE_DEBUG_INFO = NO;
				SDKROOT = iphoneos;
				SWIFT_OPTIMIZATION_LEVEL = "-Owholemodule";
				TARGETED_DEVICE_FAMILY = "1,2";
				VALIDATE_PRODUCT = YES;
			};
			name = Release;
		};
		55C419531ED2576700BD51A7 /* Debug */ = {
			isa = XCBuildConfiguration;
			baseConfigurationReference = 54215738F7934E752F4C4B8F /* Pods-RainOrShine.debug.xcconfig */;
			buildSettings = {
				ASSETCATALOG_COMPILER_APPICON_NAME = AppIcon;
				DEVELOPMENT_TEAM = TT9W6D3N85;
				INFOPLIST_FILE = RainOrShine/Info.plist;
				LD_RUNPATH_SEARCH_PATHS = "$(inherited) @executable_path/Frameworks";
				PRODUCT_BUNDLE_IDENTIFIER = WhatDoesThisDo.RainOrShine;
				PRODUCT_NAME = "$(TARGET_NAME)";
				SWIFT_VERSION = 3.0;
			};
			name = Debug;
		};
		55C419541ED2576700BD51A7 /* Release */ = {
			isa = XCBuildConfiguration;
			baseConfigurationReference = 10E4A8B0E947FEE80DD8E690 /* Pods-RainOrShine.release.xcconfig */;
			buildSettings = {
				ASSETCATALOG_COMPILER_APPICON_NAME = AppIcon;
				DEVELOPMENT_TEAM = TT9W6D3N85;
				INFOPLIST_FILE = RainOrShine/Info.plist;
				LD_RUNPATH_SEARCH_PATHS = "$(inherited) @executable_path/Frameworks";
				PRODUCT_BUNDLE_IDENTIFIER = WhatDoesThisDo.RainOrShine;
				PRODUCT_NAME = "$(TARGET_NAME)";
				SWIFT_VERSION = 3.0;
			};
			name = Release;
		};
/* End XCBuildConfiguration section */

/* Begin XCConfigurationList section */
		55C4193B1ED2576700BD51A7 /* Build configuration list for PBXProject "RainOrShine" */ = {
			isa = XCConfigurationList;
			buildConfigurations = (
				55C419501ED2576700BD51A7 /* Debug */,
				55C419511ED2576700BD51A7 /* Release */,
			);
			defaultConfigurationIsVisible = 0;
			defaultConfigurationName = Release;
		};
		55C419521ED2576700BD51A7 /* Build configuration list for PBXNativeTarget "RainOrShine" */ = {
			isa = XCConfigurationList;
			buildConfigurations = (
				55C419531ED2576700BD51A7 /* Debug */,
				55C419541ED2576700BD51A7 /* Release */,
			);
			defaultConfigurationIsVisible = 0;
			defaultConfigurationName = Release;
		};
/* End XCConfigurationList section */
	};
	rootObject = 55C419381ED2576700BD51A7 /* Project object */;
}
